
Microsoft Visual Studio Solution File, Format Version 12.00
# Visual Studio Version 18
VisualStudioVersion = 18.7.11811.120 insiders
MinimumVisualStudioVersion = 10.0.40219.1
Project("{9A19103F-16F7-4668-BE54-9A1E7A4F7556}") = "BERecepcion.Api", "BERecepcion.Api\BERecepcion.Api.csproj", "{EC3E1F74-3BA9-426D-9D7F-5AB7F56B7922}"
EndProject
Project("{9A19103F-16F7-4668-BE54-9A1E7A4F7556}") = "BERecepcion.Core", "BERecepcion.Core\BERecepcion.Core.csproj", "{26A29B20-DFDB-4B7E-B7FC-4763F61F3550}"
EndProject
Project("{9A19103F-16F7-4668-BE54-9A1E7A4F7556}") = "BERecepcion.Infraestructura", "BERecepcion.Infraestructura\BERecepcion.Infraestructura.csproj", "{B4D943A2-CCC8-4421-ACBE-ADA989E1AADF}"
EndProject
Project("{2150E333-8FDC-42A3-9474-1A3956D46DE8}") = "Elementos de la solución", "Elementos de la solución", "{F76F4222-C3C6-41D1-8FA8-F339737BDCFE}"
	ProjectSection(SolutionItems) = preProject
		..\.gitignore = ..\.gitignore
	EndProjectSection
EndProject
Global
	GlobalSection(SolutionConfigurationPlatforms) = preSolution
		Debug|Any CPU = Debug|Any CPU
		Release|Any CPU = Release|Any CPU
	EndGlobalSection
	GlobalSection(ProjectConfigurationPlatforms) = postSolution
		{EC3E1F74-3BA9-426D-9D7F-5AB7F56B7922}.Debug|Any CPU.ActiveCfg = Debug|Any CPU
		{EC3E1F74-3BA9-426D-9D7F-5AB7F56B7922}.Debug|Any CPU.Build.0 = Debug|Any CPU
		{EC3E1F74-3BA9-426D-9D7F-5AB7F56B7922}.Release|Any CPU.ActiveCfg = Release|Any CPU
		{EC3E1F74-3BA9-426D-9D7F-5AB7F56B7922}.Release|Any CPU.Build.0 = Release|Any CPU
		{26A29B20-DFDB-4B7E-B7FC-4763F61F3550}.Debug|Any CPU.ActiveCfg = Debug|Any CPU
		{26A29B20-DFDB-4B7E-B7FC-4763F61F3550}.Debug|Any CPU.Build.0 = Debug|Any CPU
		{26A29B20-DFDB-4B7E-B7FC-4763F61F3550}.Release|Any CPU.ActiveCfg = Release|Any CPU
		{26A29B20-DFDB-4B7E-B7FC-4763F61F3550}.Release|Any CPU.Build.0 = Release|Any CPU
		{B4D943A2-CCC8-4421-ACBE-ADA989E1AADF}.Debug|Any CPU.ActiveCfg = Debug|Any CPU
		{B4D943A2-CCC8-4421-ACBE-ADA989E1AADF}.Debug|Any CPU.Build.0 = Debug|Any CPU
		{B4D943A2-CCC8-4421-ACBE-ADA989E1AADF}.Release|Any CPU.ActiveCfg = Release|Any CPU
		{B4D943A2-CCC8-4421-ACBE-ADA989E1AADF}.Release|Any CPU.Build.0 = Release|Any CPU
	EndGlobalSection
	GlobalSection(SolutionProperties) = preSolution
		HideSolutionNode = FALSE
	EndGlobalSection
	GlobalSection(ExtensibilityGlobals) = postSolution
		SolutionGuid = {2ACCC6E3-B80F-4BC4-A519-99E006A5E496}
	EndGlobalSection
EndGlobal
